
Microsoft Visual Studio Solution File, Format Version 12.00
# Visual Studio Version 16
VisualStudioVersion = 16.0.31005.135
MinimumVisualStudioVersion = 10.0.40219.1
Project("{FAE04EC0-301F-11D3-BF4B-00C04F79EFBC}") = "chapter_06", "chapter_06\chapter_06.csproj", "{50AB9D68-8CAF-476E-8939-FE8DEDF9F9DB}"
EndProject
Global
	GlobalSection(SolutionConfigurationPlatforms) = preSolution
		Debug|Any CPU = Debug|Any CPU
		Release|Any CPU = Release|Any CPU
	EndGlobalSection
	GlobalSection(ProjectConfigurationPlatforms) = postSolution
		{50AB9D68-8CAF-476E-8939-FE8DEDF9F9DB}.Debug|Any CPU.ActiveCfg = Debug|Any CPU
		{50AB9D68-8CAF-476E-8939-FE8DEDF9F9DB}.Debug|Any CPU.Build.0 = Debug|Any CPU
		{50AB9D68-8CAF-476E-8939-FE8DEDF9F9DB}.Release|Any CPU.ActiveCfg = Release|Any CPU
		{50AB9D68-8CAF-476E-8939-FE8DEDF9F9DB}.Release|Any CPU.Build.0 = Release|Any CPU
	EndGlobalSection
	GlobalSection(SolutionProperties) = preSolution
		HideSolutionNode = FALSE
	EndGlobalSection
	GlobalSection(ExtensibilityGlobals) = postSolution
		SolutionGuid = {1DD8A5E4-C32B-4B46-804E-96E92D694DE7}
	EndGlobalSection
EndGlobal
